
Microsoft Visual Studio Solution File, Format Version 12.00
# Visual Studio Version 17
VisualStudioVersion = 17.2.32526.322
MinimumVisualStudioVersion = 10.0.40219.1
Project("{8BC9CEB8-8B4A-11D0-8D11-00A0C91BC942}") = "200042123_T01L05_1A", "200042123_T01L05_1A.vcxproj", "{FF0C20C5-D032-422F-BAE0-15CBA9F43EA5}"
EndProject
Global
	GlobalSection(SolutionConfigurationPlatforms) = preSolution
		Debug|x64 = Debug|x64
		Debug|x86 = Debug|x86
		Release|x64 = Release|x64
		Release|x86 = Release|x86
	EndGlobalSection
	GlobalSection(ProjectConfigurationPlatforms) = postSolution
		{FF0C20C5-D032-422F-BAE0-15CBA9F43EA5}.Debug|x64.ActiveCfg = Debug|x64
		{FF0C20C5-D032-422F-BAE0-15CBA9F43EA5}.Debug|x64.Build.0 = Debug|x64
		{FF0C20C5-D032-422F-BAE0-15CBA9F43EA5}.Debug|x86.ActiveCfg = Debug|Win32
		{FF0C20C5-D032-422F-BAE0-15CBA9F43EA5}.Debug|x86.Build.0 = Debug|Win32
		{FF0C20C5-D032-422F-BAE0-15CBA9F43EA5}.Release|x64.ActiveCfg = Release|x64
		{FF0C20C5-D032-422F-BAE0-15CBA9F43EA5}.Release|x64.Build.0 = Release|x64
		{FF0C20C5-D032-422F-BAE0-15CBA9F43EA5}.Release|x86.ActiveCfg = Release|Win32
		{FF0C20C5-D032-422F-BAE0-15CBA9F43EA5}.Release|x86.Build.0 = Release|Win32
	EndGlobalSection
	GlobalSection(SolutionProperties) = preSolution
		HideSolutionNode = FALSE
	EndGlobalSection
	GlobalSection(ExtensibilityGlobals) = postSolution
		SolutionGuid = {BEA8D792-6110-4A60-98B8-FF7454CFF7BC}
	EndGlobalSection
EndGlobal
